
Microsoft Visual Studio Solution File, Format Version 12.00
# Visual Studio Version 16
VisualStudioVersion = 16.0.30413.136
MinimumVisualStudioVersion = 10.0.40219.1
Project("{FAE04EC0-301F-11D3-BF4B-00C04F79EFBC}") = "ShottBowing", "ShottBowing.csproj", "{4D761BF0-AAC6-44A2-A173-995DD9DD92D1}"
EndProject
Project("{FAE04EC0-301F-11D3-BF4B-00C04F79EFBC}") = "ShottbowingAccess", "..\ShottbowingAccess\ShottbowingAccess.csproj", "{093E3B23-7E49-4D58-AEAE-1E67D087372D}"
EndProject
Global
	GlobalSection(SolutionConfigurationPlatforms) = preSolution
		Debug|Any CPU = Debug|Any CPU
		Release|Any CPU = Release|Any CPU
	EndGlobalSection
	GlobalSection(ProjectConfigurationPlatforms) = postSolution
		{4D761BF0-AAC6-44A2-A173-995DD9DD92D1}.Debug|Any CPU.ActiveCfg = Debug|Any CPU
		{4D761BF0-AAC6-44A2-A173-995DD9DD92D1}.Debug|Any CPU.Build.0 = Debug|Any CPU
		{4D761BF0-AAC6-44A2-A173-995DD9DD92D1}.Release|Any CPU.ActiveCfg = Release|Any CPU
		{4D761BF0-AAC6-44A2-A173-995DD9DD92D1}.Release|Any CPU.Build.0 = Release|Any CPU
		{093E3B23-7E49-4D58-AEAE-1E67D087372D}.Debug|Any CPU.ActiveCfg = Debug|Any CPU
		{093E3B23-7E49-4D58-AEAE-1E67D087372D}.Debug|Any CPU.Build.0 = Debug|Any CPU
		{093E3B23-7E49-4D58-AEAE-1E67D087372D}.Release|Any CPU.ActiveCfg = Release|Any CPU
		{093E3B23-7E49-4D58-AEAE-1E67D087372D}.Release|Any CPU.Build.0 = Release|Any CPU
	EndGlobalSection
	GlobalSection(SolutionProperties) = preSolution
		HideSolutionNode = FALSE
	EndGlobalSection
	GlobalSection(ExtensibilityGlobals) = postSolution
		SolutionGuid = {AEE5126C-4422-4DF3-9B70-C46B6EE2CB50}
	EndGlobalSection
EndGlobal
